// !$*UTF8*$!
{
	archiveVersion = 1;
	classes = {
	};
	objectVersion = 46;
	objects = {

/* Begin PBXBuildFile section */
		391FDF9819E352C600C5FD18 /* main.m in Sources */ = {isa = PBXBuildFile; fileRef = 391FDF9719E352C600C5FD18 /* main.m */; };
		391FDF9B19E352C600C5FD18 /* AppDelegate.m in Sources */ = {isa = PBXBuildFile; fileRef = 391FDF9A19E352C600C5FD18 /* AppDelegate.m */; };
		391FDF9E19E352C600C5FD18 /* ViewController.m in Sources */ = {isa = PBXBuildFile; fileRef = 391FDF9D19E352C600C5FD18 /* ViewController.m */; };
		391FDFA119E352C600C5FD18 /* Main.storyboard in Resources */ = {isa = PBXBuildFile; fileRef = 391FDF9F19E352C600C5FD18 /* Main.storyboard */; };
		391FDFA319E352C600C5FD18 /* Images.xcassets in Resources */ = {isa = PBXBuildFile; fileRef = 391FDFA219E352C600C5FD18 /* Images.xcassets */; };
		391FDFA619E352C600C5FD18 /* LaunchScreen.xib in Resources */ = {isa = PBXBuildFile; fileRef = 391FDFA419E352C600C5FD18 /* LaunchScreen.xib */; };
		391FDFB219E352C600C5FD18 /* NCRCTests.m in Sources */ = {isa = PBXBuildFile; fileRef = 391FDFB119E352C600C5FD18 /* NCRCTests.m */; };
		D00E5CFA1A2AC972006A3FDE /* inno_challenge.m in Sources */ = {isa = PBXBuildFile; fileRef = D00E5CF91A2AC972006A3FDE /* inno_challenge.m */; };
		D00E731A1A650945006CB5AB /* arrow-up@2x.png in Resources */ = {isa = PBXBuildFile; fileRef = D00E73191A650945006CB5AB /* arrow-up@2x.png */; };
		D00E731C1A65094E006CB5AB /* browser-2@2x.png in Resources */ = {isa = PBXBuildFile; fileRef = D00E731B1A65094E006CB5AB /* browser-2@2x.png */; };
		D00E731E1A650952006CB5AB /* layout-sidebar-right@2x.png in Resources */ = {isa = PBXBuildFile; fileRef = D00E731D1A650952006CB5AB /* layout-sidebar-right@2x.png */; };
		D00E73201A650959006CB5AB /* map@2x.png in Resources */ = {isa = PBXBuildFile; fileRef = D00E731F1A650959006CB5AB /* map@2x.png */; };
		D00E73221A65095F006CB5AB /* timeline@2x.png in Resources */ = {isa = PBXBuildFile; fileRef = D00E73211A65095F006CB5AB /* timeline@2x.png */; };
		D00E73241A650964006CB5AB /* user-4@2x.png in Resources */ = {isa = PBXBuildFile; fileRef = D00E73231A650964006CB5AB /* user-4@2x.png */; };
		D014A53F1A65ACCF009FC09E /* banner@2x.png in Resources */ = {isa = PBXBuildFile; fileRef = D014A53E1A65ACCF009FC09E /* banner@2x.png */; };
		D01B3D5E1A58F70F0062AFCF /* plenary_1.m in Sources */ = {isa = PBXBuildFile; fileRef = D01B3D5D1A58F70F0062AFCF /* plenary_1.m */; };
		D01B3D611A58F71E0062AFCF /* plenary_2.m in Sources */ = {isa = PBXBuildFile; fileRef = D01B3D601A58F71E0062AFCF /* plenary_2.m */; };
		D02B5C6C1A28EB4800F00C85 /* ContactsTableViewController.m in Sources */ = {isa = PBXBuildFile; fileRef = D02B5C6B1A28EB4800F00C85 /* ContactsTableViewController.m */; };
		D02E81921A2AE92300B20C6B /* keynote_5_webview.m in Sources */ = {isa = PBXBuildFile; fileRef = D02E81911A2AE92300B20C6B /* keynote_5_webview.m */; };
		D02E81951A2AEAB900B20C6B /* keynote_6_webview.m in Sources */ = {isa = PBXBuildFile; fileRef = D02E81941A2AEAB900B20C6B /* keynote_6_webview.m */; };
		D03DCD161A565B2A001D058E /* panels_workshops_1.m in Sources */ = {isa = PBXBuildFile; fileRef = D03DCD151A565B2A001D058E /* panels_workshops_1.m */; };
		D03DCD191A565E25001D058E /* panels_workshops_2.m in Sources */ = {isa = PBXBuildFile; fileRef = D03DCD181A565E25001D058E /* panels_workshops_2.m */; };
		D041A5491A2AE61C00DC1A57 /* keynote_3_webview.m in Sources */ = {isa = PBXBuildFile; fileRef = D041A5481A2AE61C00DC1A57 /* keynote_3_webview.m */; };
		D041A54C1A2AE7B400DC1A57 /* keynote_4_webview.m in Sources */ = {isa = PBXBuildFile; fileRef = D041A54B1A2AE7B400DC1A57 /* keynote_4_webview.m */; };
		D04A5AD11A28402900D12FAB /* keynote_1_webview.m in Sources */ = {isa = PBXBuildFile; fileRef = D04A5AD01A28402900D12FAB /* keynote_1_webview.m */; };
		D04F8A4B1A297A970088795F /* MapKit.framework in Frameworks */ = {isa = PBXBuildFile; fileRef = D04F8A4A1A297A970088795F /* MapKit.framework */; };
		D04F8A4E1A297BD50088795F /* NCRCMap.m in Sources */ = {isa = PBXBuildFile; fileRef = D04F8A4D1A297BD50088795F /* NCRCMap.m */; };
		D0563B5E1A2AD0F200C250DD /* keynote_2_webview.m in Sources */ = {isa = PBXBuildFile; fileRef = D0563B5D1A2AD0F200C250DD /* keynote_2_webview.m */; };
		D059F53E1A65C5E900C039B4 /* CareerFair.m in Sources */ = {isa = PBXBuildFile; fileRef = D059F53D1A65C5E900C039B4 /* CareerFair.m */; };
		D0763DD71A26C9170015064B /* TableViewController.m in Sources */ = {isa = PBXBuildFile; fileRef = D0763DD61A26C9170015064B /* TableViewController.m */; };
		D07C88B11A07542600C5AAE1 /* browser-2.png in Resources */ = {isa = PBXBuildFile; fileRef = D07C889E1A07542600C5AAE1 /* browser-2.png */; };
		D07C88BC1A07542600C5AAE1 /* map.png in Resources */ = {isa = PBXBuildFile; fileRef = D07C88A91A07542600C5AAE1 /* map.png */; };
		D07C88BE1A07542600C5AAE1 /* timeline.png in Resources */ = {isa = PBXBuildFile; fileRef = D07C88AB1A07542600C5AAE1 /* timeline.png */; };
		D07C88C11A07542600C5AAE1 /* user-4.png in Resources */ = {isa = PBXBuildFile; fileRef = D07C88AE1A07542600C5AAE1 /* user-4.png */; };
		D0A27EC11A64B12800383F07 /* keynotepics in Resources */ = {isa = PBXBuildFile; fileRef = D0A27EC01A64B12800383F07 /* keynotepics */; };
		D0BC0CCE1A64B509001B79FD /* northwestbasement.png in Resources */ = {isa = PBXBuildFile; fileRef = D0BC0CCD1A64B509001B79FD /* northwestbasement.png */; };
		D0BC0CD01A64B518001B79FD /* layout-sidebar-right.png in Resources */ = {isa = PBXBuildFile; fileRef = D0BC0CCF1A64B518001B79FD /* layout-sidebar-right.png */; };
		D0BC0CD21A64B521001B79FD /* arrow-up.png in Resources */ = {isa = PBXBuildFile; fileRef = D0BC0CD11A64B521001B79FD /* arrow-up.png */; };
		D0D2A12C1A632F8A002211EB /* FloorPlan.m in Sources */ = {isa = PBXBuildFile; fileRef = D0D2A12B1A632F8A002211EB /* FloorPlan.m */; };
/* End PBXBuildFile section */

/* Begin PBXContainerItemProxy section */
		391FDFAC19E352C600C5FD18 /* PBXContainerItemProxy */ = {
			isa = PBXContainerItemProxy;
			containerPortal = 391FDF8A19E352C600C5FD18 /* Project object */;
			proxyType = 1;
			remoteGlobalIDString = 391FDF9119E352C600C5FD18;
			remoteInfo = NCRC;
		};
/* End PBXContainerItemProxy section */

/* Begin PBXFileReference section */
		391FDF9219E352C600C5FD18 /* NCRC.app */ = {isa = PBXFileReference; explicitFileType = wrapper.application; includeInIndex = 0; path = NCRC.app; sourceTree = BUILT_PRODUCTS_DIR; };
		391FDF9619E352C600C5FD18 /* Info.plist */ = {isa = PBXFileReference; lastKnownFileType = text.plist.xml; path = Info.plist; sourceTree = "<group>"; };
		391FDF9719E352C600C5FD18 /* main.m */ = {isa = PBXFileReference; lastKnownFileType = sourcecode.c.objc; path = main.m; sourceTree = "<group>"; };
		391FDF9919E352C600C5FD18 /* AppDelegate.h */ = {isa = PBXFileReference; lastKnownFileType = sourcecode.c.h; path = AppDelegate.h; sourceTree = "<group>"; };
		391FDF9A19E352C600C5FD18 /* AppDelegate.m */ = {isa = PBXFileReference; lastKnownFileType = sourcecode.c.objc; path = AppDelegate.m; sourceTree = "<group>"; };
		391FDF9C19E352C600C5FD18 /* ViewController.h */ = {isa = PBXFileReference; lastKnownFileType = sourcecode.c.h; path = ViewController.h; sourceTree = "<group>"; };
		391FDF9D19E352C600C5FD18 /* ViewController.m */ = {isa = PBXFileReference; lastKnownFileType = sourcecode.c.objc; path = ViewController.m; sourceTree = "<group>"; };
		391FDFA019E352C600C5FD18 /* Base */ = {isa = PBXFileReference; lastKnownFileType = file.storyboard; name = Base; path = Base.lproj/Main.storyboard; sourceTree = "<group>"; };
		391FDFA219E352C600C5FD18 /* Images.xcassets */ = {isa = PBXFileReference; lastKnownFileType = folder.assetcatalog; path = Images.xcassets; sourceTree = "<group>"; };
		391FDFA519E352C600C5FD18 /* Base */ = {isa = PBXFileReference; lastKnownFileType = file.xib; name = Base; path = Base.lproj/LaunchScreen.xib; sourceTree = "<group>"; };
		391FDFAB19E352C600C5FD18 /* NCRCTests.xctest */ = {isa = PBXFileReference; explicitFileType = wrapper.cfbundle; includeInIndex = 0; path = NCRCTests.xctest; sourceTree = BUILT_PRODUCTS_DIR; };
		391FDFB019E352C600C5FD18 /* Info.plist */ = {isa = PBXFileReference; lastKnownFileType = text.plist.xml; path = Info.plist; sourceTree = "<group>"; };
		391FDFB119E352C600C5FD18 /* NCRCTests.m */ = {isa = PBXFileReference; lastKnownFileType = sourcecode.c.objc; path = NCRCTests.m; sourceTree = "<group>"; };
		D00E5CF81A2AC972006A3FDE /* inno_challenge.h */ = {isa = PBXFileReference; fileEncoding = 4; lastKnownFileType = sourcecode.c.h; path = inno_challenge.h; sourceTree = "<group>"; };
		D00E5CF91A2AC972006A3FDE /* inno_challenge.m */ = {isa = PBXFileReference; fileEncoding = 4; lastKnownFileType = sourcecode.c.objc; path = inno_challenge.m; sourceTree = "<group>"; };
		D00E73191A650945006CB5AB /* arrow-up@2x.png */ = {isa = PBXFileReference; lastKnownFileType = image.png; path = "arrow-up@2x.png"; sourceTree = "<group>"; };
		D00E731B1A65094E006CB5AB /* browser-2@2x.png */ = {isa = PBXFileReference; lastKnownFileType = image.png; path = "browser-2@2x.png"; sourceTree = "<group>"; };
		D00E731D1A650952006CB5AB /* layout-sidebar-right@2x.png */ = {isa = PBXFileReference; lastKnownFileType = image.png; path = "layout-sidebar-right@2x.png"; sourceTree = "<group>"; };
		D00E731F1A650959006CB5AB /* map@2x.png */ = {isa = PBXFileReference; lastKnownFileType = image.png; path = "map@2x.png"; sourceTree = "<group>"; };
		D00E73211A65095F006CB5AB /* timeline@2x.png */ = {isa = PBXFileReference; lastKnownFileType = image.png; path = "timeline@2x.png"; sourceTree = "<group>"; };
		D00E73231A650964006CB5AB /* user-4@2x.png */ = {isa = PBXFileReference; lastKnownFileType = image.png; path = "user-4@2x.png"; sourceTree = "<group>"; };
		D014A53E1A65ACCF009FC09E /* banner@2x.png */ = {isa = PBXFileReference; lastKnownFileType = image.png; path = "banner@2x.png"; sourceTree = "<group>"; };
		D01B3D5C1A58F70F0062AFCF /* plenary_1.h */ = {isa = PBXFileReference; fileEncoding = 4; lastKnownFileType = sourcecode.c.h; path = plenary_1.h; sourceTree = "<group>"; };
		D01B3D5D1A58F70F0062AFCF /* plenary_1.m */ = {isa = PBXFileReference; fileEncoding = 4; lastKnownFileType = sourcecode.c.objc; path = plenary_1.m; sourceTree = "<group>"; };
		D01B3D5F1A58F71E0062AFCF /* plenary_2.h */ = {isa = PBXFileReference; fileEncoding = 4; lastKnownFileType = sourcecode.c.h; path = plenary_2.h; sourceTree = "<group>"; };
		D01B3D601A58F71E0062AFCF /* plenary_2.m */ = {isa = PBXFileReference; fileEncoding = 4; lastKnownFileType = sourcecode.c.objc; path = plenary_2.m; sourceTree = "<group>"; };
		D02B5C6A1A28EB4800F00C85 /* ContactsTableViewController.h */ = {isa = PBXFileReference; fileEncoding = 4; lastKnownFileType = sourcecode.c.h; path = ContactsTableViewController.h; sourceTree = "<group>"; };
		D02B5C6B1A28EB4800F00C85 /* ContactsTableViewController.m */ = {isa = PBXFileReference; fileEncoding = 4; lastKnownFileType = sourcecode.c.objc; path = ContactsTableViewController.m; sourceTree = "<group>"; };
		D02E81901A2AE92300B20C6B /* keynote_5_webview.h */ = {isa = PBXFileReference; fileEncoding = 4; lastKnownFileType = sourcecode.c.h; path = keynote_5_webview.h; sourceTree = "<group>"; };
		D02E81911A2AE92300B20C6B /* keynote_5_webview.m */ = {isa = PBXFileReference; fileEncoding = 4; lastKnownFileType = sourcecode.c.objc; path = keynote_5_webview.m; sourceTree = "<group>"; };
		D02E81931A2AEAB900B20C6B /* keynote_6_webview.h */ = {isa = PBXFileReference; fileEncoding = 4; lastKnownFileType = sourcecode.c.h; path = keynote_6_webview.h; sourceTree = "<group>"; };
		D02E81941A2AEAB900B20C6B /* keynote_6_webview.m */ = {isa = PBXFileReference; fileEncoding = 4; lastKnownFileType = sourcecode.c.objc; path = keynote_6_webview.m; sourceTree = "<group>"; };
		D03DCD141A565B2A001D058E /* panels_workshops_1.h */ = {isa = PBXFileReference; fileEncoding = 4; lastKnownFileType = sourcecode.c.h; name = panels_workshops_1.h; path = ../panels_workshops_1.h; sourceTree = "<group>"; };
		D03DCD151A565B2A001D058E /* panels_workshops_1.m */ = {isa = PBXFileReference; fileEncoding = 4; lastKnownFileType = sourcecode.c.objc; name = panels_workshops_1.m; path = ../panels_workshops_1.m; sourceTree = "<group>"; };
		D03DCD171A565E25001D058E /* panels_workshops_2.h */ = {isa = PBXFileReference; fileEncoding = 4; lastKnownFileType = sourcecode.c.h; path = panels_workshops_2.h; sourceTree = "<group>"; };
		D03DCD181A565E25001D058E /* panels_workshops_2.m */ = {isa = PBXFileReference; fileEncoding = 4; lastKnownFileType = sourcecode.c.objc; path = panels_workshops_2.m; sourceTree = "<group>"; };
		D041A5471A2AE61C00DC1A57 /* keynote_3_webview.h */ = {isa = PBXFileReference; fileEncoding = 4; lastKnownFileType = sourcecode.c.h; path = keynote_3_webview.h; sourceTree = "<group>"; };
		D041A5481A2AE61C00DC1A57 /* keynote_3_webview.m */ = {isa = PBXFileReference; fileEncoding = 4; lastKnownFileType = sourcecode.c.objc; path = keynote_3_webview.m; sourceTree = "<group>"; };
		D041A54A1A2AE7B400DC1A57 /* keynote_4_webview.h */ = {isa = PBXFileReference; fileEncoding = 4; lastKnownFileType = sourcecode.c.h; path = keynote_4_webview.h; sourceTree = "<group>"; };
		D041A54B1A2AE7B400DC1A57 /* keynote_4_webview.m */ = {isa = PBXFileReference; fileEncoding = 4; lastKnownFileType = sourcecode.c.objc; path = keynote_4_webview.m; sourceTree = "<group>"; };
		D04A5ACF1A28402900D12FAB /* keynote_1_webview.h */ = {isa = PBXFileReference; fileEncoding = 4; lastKnownFileType = sourcecode.c.h; path = keynote_1_webview.h; sourceTree = "<group>"; };
		D04A5AD01A28402900D12FAB /* keynote_1_webview.m */ = {isa = PBXFileReference; fileEncoding = 4; lastKnownFileType = sourcecode.c.objc; path = keynote_1_webview.m; sourceTree = "<group>"; };
		D04F8A4A1A297A970088795F /* MapKit.framework */ = {isa = PBXFileReference; lastKnownFileType = wrapper.framework; name = MapKit.framework; path = System/Library/Frameworks/MapKit.framework; sourceTree = SDKROOT; };
		D04F8A4C1A297BD50088795F /* NCRCMap.h */ = {isa = PBXFileReference; fileEncoding = 4; lastKnownFileType = sourcecode.c.h; path = NCRCMap.h; sourceTree = "<group>"; };
		D04F8A4D1A297BD50088795F /* NCRCMap.m */ = {isa = PBXFileReference; fileEncoding = 4; lastKnownFileType = sourcecode.c.objc; path = NCRCMap.m; sourceTree = "<group>"; };
		D0563B5C1A2AD0F200C250DD /* keynote_2_webview.h */ = {isa = PBXFileReference; fileEncoding = 4; lastKnownFileType = sourcecode.c.h; path = keynote_2_webview.h; sourceTree = "<group>"; };
		D0563B5D1A2AD0F200C250DD /* keynote_2_webview.m */ = {isa = PBXFileReference; fileEncoding = 4; lastKnownFileType = sourcecode.c.objc; path = keynote_2_webview.m; sourceTree = "<group>"; };
		D059F53C1A65C5E900C039B4 /* CareerFair.h */ = {isa = PBXFileReference; fileEncoding = 4; lastKnownFileType = sourcecode.c.h; path = CareerFair.h; sourceTree = "<group>"; };
		D059F53D1A65C5E900C039B4 /* CareerFair.m */ = {isa = PBXFileReference; fileEncoding = 4; lastKnownFileType = sourcecode.c.objc; path = CareerFair.m; sourceTree = "<group>"; };
		D0763DD51A26C9170015064B /* TableViewController.h */ = {isa = PBXFileReference; fileEncoding = 4; lastKnownFileType = sourcecode.c.h; path = TableViewController.h; sourceTree = "<group>"; };
		D0763DD61A26C9170015064B /* TableViewController.m */ = {isa = PBXFileReference; fileEncoding = 4; lastKnownFileType = sourcecode.c.objc; path = TableViewController.m; sourceTree = "<group>"; };
		D07C889D1A07542600C5AAE1 /* banner.png */ = {isa = PBXFileReference; lastKnownFileType = image.png; path = banner.png; sourceTree = "<group>"; };
		D07C889E1A07542600C5AAE1 /* browser-2.png */ = {isa = PBXFileReference; lastKnownFileType = image.png; path = "browser-2.png"; sourceTree = "<group>"; };
		D07C88A81A07542600C5AAE1 /* logo.png */ = {isa = PBXFileReference; lastKnownFileType = image.png; path = logo.png; sourceTree = "<group>"; };
		D07C88A91A07542600C5AAE1 /* map.png */ = {isa = PBXFileReference; lastKnownFileType = image.png; path = map.png; sourceTree = "<group>"; };
		D07C88AB1A07542600C5AAE1 /* timeline.png */ = {isa = PBXFileReference; lastKnownFileType = image.png; path = timeline.png; sourceTree = "<group>"; };
		D07C88AE1A07542600C5AAE1 /* user-4.png */ = {isa = PBXFileReference; lastKnownFileType = image.png; path = "user-4.png"; sourceTree = "<group>"; };
		D0A27EC01A64B12800383F07 /* keynotepics */ = {isa = PBXFileReference; lastKnownFileType = folder; path = keynotepics; sourceTree = "<group>"; };
		D0BC0CCD1A64B509001B79FD /* northwestbasement.png */ = {isa = PBXFileReference; lastKnownFileType = image.png; name = northwestbasement.png; path = Images/northwestbasement.png; sourceTree = "<group>"; };
		D0BC0CCF1A64B518001B79FD /* layout-sidebar-right.png */ = {isa = PBXFileReference; lastKnownFileType = image.png; name = "layout-sidebar-right.png"; path = "Images/layout-sidebar-right.png"; sourceTree = "<group>"; };
		D0BC0CD11A64B521001B79FD /* arrow-up.png */ = {isa = PBXFileReference; lastKnownFileType = image.png; name = "arrow-up.png"; path = "Images/arrow-up.png"; sourceTree = "<group>"; };
		D0D2A12A1A632F8A002211EB /* FloorPlan.h */ = {isa = PBXFileReference; fileEncoding = 4; lastKnownFileType = sourcecode.c.h; path = FloorPlan.h; sourceTree = "<group>"; };
		D0D2A12B1A632F8A002211EB /* FloorPlan.m */ = {isa = PBXFileReference; fileEncoding = 4; lastKnownFileType = sourcecode.c.objc; path = FloorPlan.m; sourceTree = "<group>"; };
/* End PBXFileReference section */

/* Begin PBXFrameworksBuildPhase section */
		391FDF8F19E352C600C5FD18 /* Frameworks */ = {
			isa = PBXFrameworksBuildPhase;
			buildActionMask = 2147483647;
			files = (
				D04F8A4B1A297A970088795F /* MapKit.framework in Frameworks */,
			);
			runOnlyForDeploymentPostprocessing = 0;
		};
		391FDFA819E352C600C5FD18 /* Frameworks */ = {
			isa = PBXFrameworksBuildPhase;
			buildActionMask = 2147483647;
			files = (
			);
			runOnlyForDeploymentPostprocessing = 0;
		};
/* End PBXFrameworksBuildPhase section */

/* Begin PBXGroup section */
		391FDF8919E352C600C5FD18 = {
			isa = PBXGroup;
			children = (
				D04F8A4A1A297A970088795F /* MapKit.framework */,
				391FDF9419E352C600C5FD18 /* NCRC */,
				391FDFAE19E352C600C5FD18 /* NCRCTests */,
				391FDF9319E352C600C5FD18 /* Products */,
			);
			sourceTree = "<group>";
		};
		391FDF9319E352C600C5FD18 /* Products */ = {
			isa = PBXGroup;
			children = (
				391FDF9219E352C600C5FD18 /* NCRC.app */,
				391FDFAB19E352C600C5FD18 /* NCRCTests.xctest */,
			);
			name = Products;
			sourceTree = "<group>";
		};
		391FDF9419E352C600C5FD18 /* NCRC */ = {
			isa = PBXGroup;
			children = (
				D03DCD141A565B2A001D058E /* panels_workshops_1.h */,
				D03DCD151A565B2A001D058E /* panels_workshops_1.m */,
				391FDF9919E352C600C5FD18 /* AppDelegate.h */,
				391FDF9A19E352C600C5FD18 /* AppDelegate.m */,
				391FDF9C19E352C600C5FD18 /* ViewController.h */,
				391FDF9D19E352C600C5FD18 /* ViewController.m */,
				D0763DD51A26C9170015064B /* TableViewController.h */,
				D0763DD61A26C9170015064B /* TableViewController.m */,
				391FDF9F19E352C600C5FD18 /* Main.storyboard */,
				D059F53C1A65C5E900C039B4 /* CareerFair.h */,
				D059F53D1A65C5E900C039B4 /* CareerFair.m */,
				D0D2A12A1A632F8A002211EB /* FloorPlan.h */,
				D0D2A12B1A632F8A002211EB /* FloorPlan.m */,
				D01B3D5C1A58F70F0062AFCF /* plenary_1.h */,
				D0A27EC01A64B12800383F07 /* keynotepics */,
				D01B3D5D1A58F70F0062AFCF /* plenary_1.m */,
				D01B3D5F1A58F71E0062AFCF /* plenary_2.h */,
				D01B3D601A58F71E0062AFCF /* plenary_2.m */,
				D03DCD171A565E25001D058E /* panels_workshops_2.h */,
				D03DCD181A565E25001D058E /* panels_workshops_2.m */,
				D02E81931A2AEAB900B20C6B /* keynote_6_webview.h */,
				D02E81941A2AEAB900B20C6B /* keynote_6_webview.m */,
				D02E81901A2AE92300B20C6B /* keynote_5_webview.h */,
				D02E81911A2AE92300B20C6B /* keynote_5_webview.m */,
				D041A54A1A2AE7B400DC1A57 /* keynote_4_webview.h */,
				D041A54B1A2AE7B400DC1A57 /* keynote_4_webview.m */,
				D041A5471A2AE61C00DC1A57 /* keynote_3_webview.h */,
				D041A5481A2AE61C00DC1A57 /* keynote_3_webview.m */,
				D0563B5C1A2AD0F200C250DD /* keynote_2_webview.h */,
				D0563B5D1A2AD0F200C250DD /* keynote_2_webview.m */,
				D00E5CF81A2AC972006A3FDE /* inno_challenge.h */,
				D00E5CF91A2AC972006A3FDE /* inno_challenge.m */,
				D04F8A4C1A297BD50088795F /* NCRCMap.h */,
				D04F8A4D1A297BD50088795F /* NCRCMap.m */,
				D02B5C6A1A28EB4800F00C85 /* ContactsTableViewController.h */,
				D02B5C6B1A28EB4800F00C85 /* ContactsTableViewController.m */,
				D04A5ACF1A28402900D12FAB /* keynote_1_webview.h */,
				D04A5AD01A28402900D12FAB /* keynote_1_webview.m */,
				D07C889C1A07542600C5AAE1 /* Images */,
				391FDFA219E352C600C5FD18 /* Images.xcassets */,
				391FDFA419E352C600C5FD18 /* LaunchScreen.xib */,
				391FDF9519E352C600C5FD18 /* Supporting Files */,
			);
			path = NCRC;
			sourceTree = "<group>";
		};
		391FDF9519E352C600C5FD18 /* Supporting Files */ = {
			isa = PBXGroup;
			children = (
				D0BC0CD11A64B521001B79FD /* arrow-up.png */,
				D0BC0CCF1A64B518001B79FD /* layout-sidebar-right.png */,
				D0BC0CCD1A64B509001B79FD /* northwestbasement.png */,
				391FDF9619E352C600C5FD18 /* Info.plist */,
				391FDF9719E352C600C5FD18 /* main.m */,
			);
			name = "Supporting Files";
			sourceTree = "<group>";
		};
		391FDFAE19E352C600C5FD18 /* NCRCTests */ = {
			isa = PBXGroup;
			children = (
				391FDFB119E352C600C5FD18 /* NCRCTests.m */,
				391FDFAF19E352C600C5FD18 /* Supporting Files */,
			);
			path = NCRCTests;
			sourceTree = "<group>";
		};
		391FDFAF19E352C600C5FD18 /* Supporting Files */ = {
			isa = PBXGroup;
			children = (
				391FDFB019E352C600C5FD18 /* Info.plist */,
			);
			name = "Supporting Files";
			sourceTree = "<group>";
		};
		D07C889C1A07542600C5AAE1 /* Images */ = {
			isa = PBXGroup;
			children = (
				D014A53E1A65ACCF009FC09E /* banner@2x.png */,
				D00E73231A650964006CB5AB /* user-4@2x.png */,
				D00E73211A65095F006CB5AB /* timeline@2x.png */,
				D00E731F1A650959006CB5AB /* map@2x.png */,
				D00E731D1A650952006CB5AB /* layout-sidebar-right@2x.png */,
				D00E731B1A65094E006CB5AB /* browser-2@2x.png */,
				D00E73191A650945006CB5AB /* arrow-up@2x.png */,
				D07C889D1A07542600C5AAE1 /* banner.png */,
				D07C889E1A07542600C5AAE1 /* browser-2.png */,
				D07C88A81A07542600C5AAE1 /* logo.png */,
				D07C88A91A07542600C5AAE1 /* map.png */,
				D07C88AB1A07542600C5AAE1 /* timeline.png */,
				D07C88AE1A07542600C5AAE1 /* user-4.png */,
			);
			path = Images;
			sourceTree = "<group>";
		};
/* End PBXGroup section */

/* Begin PBXNativeTarget section */
		391FDF9119E352C600C5FD18 /* NCRC */ = {
			isa = PBXNativeTarget;
			buildConfigurationList = 391FDFB519E352C600C5FD18 /* Build configuration list for PBXNativeTarget "NCRC" */;
			buildPhases = (
				391FDF8E19E352C600C5FD18 /* Sources */,
				391FDF8F19E352C600C5FD18 /* Frameworks */,
				391FDF9019E352C600C5FD18 /* Resources */,
			);
			buildRules = (
			);
			dependencies = (
			);
			name = NCRC;
			productName = NCRC;
			productReference = 391FDF9219E352C600C5FD18 /* NCRC.app */;
			productType = "com.apple.product-type.application";
		};
		391FDFAA19E352C600C5FD18 /* NCRCTests */ = {
			isa = PBXNativeTarget;
			buildConfigurationList = 391FDFB819E352C600C5FD18 /* Build configuration list for PBXNativeTarget "NCRCTests" */;
			buildPhases = (
				391FDFA719E352C600C5FD18 /* Sources */,
				391FDFA819E352C600C5FD18 /* Frameworks */,
				391FDFA919E352C600C5FD18 /* Resources */,
			);
			buildRules = (
			);
			dependencies = (
				391FDFAD19E352C600C5FD18 /* PBXTargetDependency */,
			);
			name = NCRCTests;
			productName = NCRCTests;
			productReference = 391FDFAB19E352C600C5FD18 /* NCRCTests.xctest */;
			productType = "com.apple.product-type.bundle.unit-test";
		};
/* End PBXNativeTarget section */

/* Begin PBXProject section */
		391FDF8A19E352C600C5FD18 /* Project object */ = {
			isa = PBXProject;
			attributes = {
				LastUpgradeCheck = 0600;
				ORGANIZATIONNAME = HCURA;
				TargetAttributes = {
					391FDF9119E352C600C5FD18 = {
						CreatedOnToolsVersion = 6.0.1;
					};
					391FDFAA19E352C600C5FD18 = {
						CreatedOnToolsVersion = 6.0.1;
						TestTargetID = 391FDF9119E352C600C5FD18;
					};
				};
			};
			buildConfigurationList = 391FDF8D19E352C600C5FD18 /* Build configuration list for PBXProject "NCRC" */;
			compatibilityVersion = "Xcode 3.2";
			developmentRegion = English;
			hasScannedForEncodings = 0;
			knownRegions = (
				en,
				Base,
			);
			mainGroup = 391FDF8919E352C600C5FD18;
			productRefGroup = 391FDF9319E352C600C5FD18 /* Products */;
			projectDirPath = "";
			projectRoot = "";
			targets = (
				391FDF9119E352C600C5FD18 /* NCRC */,
				391FDFAA19E352C600C5FD18 /* NCRCTests */,
			);
		};
/* End PBXProject section */

/* Begin PBXResourcesBuildPhase section */
		391FDF9019E352C600C5FD18 /* Resources */ = {
			isa = PBXResourcesBuildPhase;
			buildActionMask = 2147483647;
			files = (
				D0BC0CCE1A64B509001B79FD /* northwestbasement.png in Resources */,
				D00E73241A650964006CB5AB /* user-4@2x.png in Resources */,
				D014A53F1A65ACCF009FC09E /* banner@2x.png in Resources */,
				D00E731A1A650945006CB5AB /* arrow-up@2x.png in Resources */,
				D00E731E1A650952006CB5AB /* layout-sidebar-right@2x.png in Resources */,
				D00E73221A65095F006CB5AB /* timeline@2x.png in Resources */,
				D00E731C1A65094E006CB5AB /* browser-2@2x.png in Resources */,
				391FDFA119E352C600C5FD18 /* Main.storyboard in Resources */,
				D07C88BE1A07542600C5AAE1 /* timeline.png in Resources */,
				D0BC0CD21A64B521001B79FD /* arrow-up.png in Resources */,
				D0A27EC11A64B12800383F07 /* keynotepics in Resources */,
				391FDFA619E352C600C5FD18 /* LaunchScreen.xib in Resources */,
				D07C88BC1A07542600C5AAE1 /* map.png in Resources */,
				391FDFA319E352C600C5FD18 /* Images.xcassets in Resources */,
				D00E73201A650959006CB5AB /* map@2x.png in Resources */,
				D0BC0CD01A64B518001B79FD /* layout-sidebar-right.png in Resources */,
				D07C88B11A07542600C5AAE1 /* browser-2.png in Resources */,
				D07C88C11A07542600C5AAE1 /* user-4.png in Resources */,
			);
			runOnlyForDeploymentPostprocessing = 0;
		};
		391FDFA919E352C600C5FD18 /* Resources */ = {
			isa = PBXResourcesBuildPhase;
			buildActionMask = 2147483647;
			files = (
			);
			runOnlyForDeploymentPostprocessing = 0;
		};
/* End PBXResourcesBuildPhase section */

/* Begin PBXSourcesBuildPhase section */
		391FDF8E19E352C600C5FD18 /* Sources */ = {
			isa = PBXSourcesBuildPhase;
			buildActionMask = 2147483647;
			files = (
				D04F8A4E1A297BD50088795F /* NCRCMap.m in Sources */,
				D01B3D5E1A58F70F0062AFCF /* plenary_1.m in Sources */,
				D00E5CFA1A2AC972006A3FDE /* inno_challenge.m in Sources */,
				D0D2A12C1A632F8A002211EB /* FloorPlan.m in Sources */,
				391FDF9E19E352C600C5FD18 /* ViewController.m in Sources */,
				D03DCD161A565B2A001D058E /* panels_workshops_1.m in Sources */,
				D041A54C1A2AE7B400DC1A57 /* keynote_4_webview.m in Sources */,
				D059F53E1A65C5E900C039B4 /* CareerFair.m in Sources */,
				D01B3D611A58F71E0062AFCF /* plenary_2.m in Sources */,
				D041A5491A2AE61C00DC1A57 /* keynote_3_webview.m in Sources */,
				D0563B5E1A2AD0F200C250DD /* keynote_2_webview.m in Sources */,
				D02B5C6C1A28EB4800F00C85 /* ContactsTableViewController.m in Sources */,
				D03DCD191A565E25001D058E /* panels_workshops_2.m in Sources */,
				D04A5AD11A28402900D12FAB /* keynote_1_webview.m in Sources */,
				D02E81951A2AEAB900B20C6B /* keynote_6_webview.m in Sources */,
				391FDF9B19E352C600C5FD18 /* AppDelegate.m in Sources */,
				D02E81921A2AE92300B20C6B /* keynote_5_webview.m in Sources */,
				391FDF9819E352C600C5FD18 /* main.m in Sources */,
				D0763DD71A26C9170015064B /* TableViewController.m in Sources */,
			);
			runOnlyForDeploymentPostprocessing = 0;
		};
		391FDFA719E352C600C5FD18 /* Sources */ = {
			isa = PBXSourcesBuildPhase;
			buildActionMask = 2147483647;
			files = (
				391FDFB219E352C600C5FD18 /* NCRCTests.m in Sources */,
			);
			runOnlyForDeploymentPostprocessing = 0;
		};
/* End PBXSourcesBuildPhase section */

/* Begin PBXTargetDependency section */
		391FDFAD19E352C600C5FD18 /* PBXTargetDependency */ = {
			isa = PBXTargetDependency;
			target = 391FDF9119E352C600C5FD18 /* NCRC */;
			targetProxy = 391FDFAC19E352C600C5FD18 /* PBXContainerItemProxy */;
		};
/* End PBXTargetDependency section */

/* Begin PBXVariantGroup section */
		391FDF9F19E352C600C5FD18 /* Main.storyboard */ = {
			isa = PBXVariantGroup;
			children = (
				391FDFA019E352C600C5FD18 /* Base */,
			);
			name = Main.storyboard;
			sourceTree = "<group>";
		};
		391FDFA419E352C600C5FD18 /* LaunchScreen.xib */ = {
			isa = PBXVariantGroup;
			children = (
				391FDFA519E352C600C5FD18 /* Base */,
			);
			name = LaunchScreen.xib;
			sourceTree = "<group>";
		};
/* End PBXVariantGroup section */

/* Begin XCBuildConfiguration section */
		391FDFB319E352C600C5FD18 /* Debug */ = {
			isa = XCBuildConfiguration;
			buildSettings = {
				ALWAYS_SEARCH_USER_PATHS = NO;
				CLANG_CXX_LANGUAGE_STANDARD = "gnu++0x";
				CLANG_CXX_LIBRARY = "libc++";
				CLANG_ENABLE_MODULES = YES;
				CLANG_ENABLE_OBJC_ARC = YES;
				CLANG_WARN_BOOL_CONVERSION = YES;
				CLANG_WARN_CONSTANT_CONVERSION = YES;
				CLANG_WARN_DIRECT_OBJC_ISA_USAGE = YES_ERROR;
				CLANG_WARN_EMPTY_BODY = YES;
				CLANG_WARN_ENUM_CONVERSION = YES;
				CLANG_WARN_INT_CONVERSION = YES;
				CLANG_WARN_OBJC_ROOT_CLASS = YES_ERROR;
				CLANG_WARN_UNREACHABLE_CODE = YES;
				CLANG_WARN__DUPLICATE_METHOD_MATCH = YES;
				"CODE_SIGN_IDENTITY[sdk=iphoneos*]" = "iPhone Developer";
				COPY_PHASE_STRIP = NO;
				ENABLE_STRICT_OBJC_MSGSEND = YES;
				GCC_C_LANGUAGE_STANDARD = gnu99;
				GCC_DYNAMIC_NO_PIC = NO;
				GCC_OPTIMIZATION_LEVEL = 0;
				GCC_PREPROCESSOR_DEFINITIONS = (
					"DEBUG=1",
					"$(inherited)",
				);
				GCC_SYMBOLS_PRIVATE_EXTERN = NO;
				GCC_WARN_64_TO_32_BIT_CONVERSION = YES;
				GCC_WARN_ABOUT_RETURN_TYPE = YES_ERROR;
				GCC_WARN_UNDECLARED_SELECTOR = YES;
				GCC_WARN_UNINITIALIZED_AUTOS = YES_AGGRESSIVE;
				GCC_WARN_UNUSED_FUNCTION = YES;
				GCC_WARN_UNUSED_VARIABLE = YES;
				IPHONEOS_DEPLOYMENT_TARGET = 8.0;
				MTL_ENABLE_DEBUG_INFO = YES;
				ONLY_ACTIVE_ARCH = YES;
				SDKROOT = iphoneos;
				TARGETED_DEVICE_FAMILY = "1,2";
			};
			name = Debug;
		};
		391FDFB419E352C600C5FD18 /* Release */ = {
			isa = XCBuildConfiguration;
			buildSettings = {
				ALWAYS_SEARCH_USER_PATHS = NO;
				CLANG_CXX_LANGUAGE_STANDARD = "gnu++0x";
				CLANG_CXX_LIBRARY = "libc++";
				CLANG_ENABLE_MODULES = YES;
				CLANG_ENABLE_OBJC_ARC = YES;
				CLANG_WARN_BOOL_CONVERSION = YES;
				CLANG_WARN_CONSTANT_CONVERSION = YES;
				CLANG_WARN_DIRECT_OBJC_ISA_USAGE = YES_ERROR;
				CLANG_WARN_EMPTY_BODY = YES;
				CLANG_WARN_ENUM_CONVERSION = YES;
				CLANG_WARN_INT_CONVERSION = YES;
				CLANG_WARN_OBJC_ROOT_CLASS = YES_ERROR;
				CLANG_WARN_UNREACHABLE_CODE = YES;
				CLANG_WARN__DUPLICATE_METHOD_MATCH = YES;
				"CODE_SIGN_IDENTITY[sdk=iphoneos*]" = "iPhone Developer";
				COPY_PHASE_STRIP = YES;
				ENABLE_NS_ASSERTIONS = NO;
				ENABLE_STRICT_OBJC_MSGSEND = YES;
				GCC_C_LANGUAGE_STANDARD = gnu99;
				GCC_WARN_64_TO_32_BIT_CONVERSION = YES;
				GCC_WARN_ABOUT_RETURN_TYPE = YES_ERROR;
				GCC_WARN_UNDECLARED_SELECTOR = YES;
				GCC_WARN_UNINITIALIZED_AUTOS = YES_AGGRESSIVE;
				GCC_WARN_UNUSED_FUNCTION = YES;
				GCC_WARN_UNUSED_VARIABLE = YES;
				IPHONEOS_DEPLOYMENT_TARGET = 8.0;
				MTL_ENABLE_DEBUG_INFO = NO;
				SDKROOT = iphoneos;
				TARGETED_DEVICE_FAMILY = "1,2";
				VALIDATE_PRODUCT = YES;
			};
			name = Release;
		};
		391FDFB619E352C600C5FD18 /* Debug */ = {
			isa = XCBuildConfiguration;
			buildSettings = {
				ASSETCATALOG_COMPILER_APPICON_NAME = AppIcon;
				INFOPLIST_FILE = NCRC/Info.plist;
				LD_RUNPATH_SEARCH_PATHS = "$(inherited) @executable_path/Frameworks";
				PRODUCT_NAME = "$(TARGET_NAME)";
				TARGETED_DEVICE_FAMILY = 1;
			};
			name = Debug;
		};
		391FDFB719E352C600C5FD18 /* Release */ = {
			isa = XCBuildConfiguration;
			buildSettings = {
				ASSETCATALOG_COMPILER_APPICON_NAME = AppIcon;
				INFOPLIST_FILE = NCRC/Info.plist;
				LD_RUNPATH_SEARCH_PATHS = "$(inherited) @executable_path/Frameworks";
				PRODUCT_NAME = "$(TARGET_NAME)";
				TARGETED_DEVICE_FAMILY = 1;
			};
			name = Release;
		};
		391FDFB919E352C600C5FD18 /* Debug */ = {
			isa = XCBuildConfiguration;
			buildSettings = {
				BUNDLE_LOADER = "$(TEST_HOST)";
				FRAMEWORK_SEARCH_PATHS = (
					"$(SDKROOT)/Developer/Library/Frameworks",
					"$(inherited)",
				);
				GCC_PREPROCESSOR_DEFINITIONS = (
					"DEBUG=1",
					"$(inherited)",
				);
				INFOPLIST_FILE = NCRCTests/Info.plist;
				LD_RUNPATH_SEARCH_PATHS = "$(inherited) @executable_path/Frameworks @loader_path/Frameworks";
				PRODUCT_NAME = "$(TARGET_NAME)";
				TEST_HOST = "$(BUILT_PRODUCTS_DIR)/NCRC.app/NCRC";
			};
			name = Debug;
		};
		391FDFBA19E352C600C5FD18 /* Release */ = {
			isa = XCBuildConfiguration;
			buildSettings = {
				BUNDLE_LOADER = "$(TEST_HOST)";
				FRAMEWORK_SEARCH_PATHS = (
					"$(SDKROOT)/Developer/Library/Frameworks",
					"$(inherited)",
				);
				INFOPLIST_FILE = NCRCTests/Info.plist;
				LD_RUNPATH_SEARCH_PATHS = "$(inherited) @executable_path/Frameworks @loader_path/Frameworks";
				PRODUCT_NAME = "$(TARGET_NAME)";
				TEST_HOST = "$(BUILT_PRODUCTS_DIR)/NCRC.app/NCRC";
			};
			name = Release;
		};
/* End XCBuildConfiguration section */

/* Begin XCConfigurationList section */
		391FDF8D19E352C600C5FD18 /* Build configuration list for PBXProject "NCRC" */ = {
			isa = XCConfigurationList;
			buildConfigurations = (
				391FDFB319E352C600C5FD18 /* Debug */,
				391FDFB419E352C600C5FD18 /* Release */,
			);
			defaultConfigurationIsVisible = 0;
			defaultConfigurationName = Release;
		};
		391FDFB519E352C600C5FD18 /* Build configuration list for PBXNativeTarget "NCRC" */ = {
			isa = XCConfigurationList;
			buildConfigurations = (
				391FDFB619E352C600C5FD18 /* Debug */,
				391FDFB719E352C600C5FD18 /* Release */,
			);
			defaultConfigurationIsVisible = 0;
			defaultConfigurationName = Release;
		};
		391FDFB819E352C600C5FD18 /* Build configuration list for PBXNativeTarget "NCRCTests" */ = {
			isa = XCConfigurationList;
			buildConfigurations = (
				391FDFB919E352C600C5FD18 /* Debug */,
				391FDFBA19E352C600C5FD18 /* Release */,
			);
			defaultConfigurationIsVisible = 0;
			defaultConfigurationName = Release;
		};
/* End XCConfigurationList section */
	};
	rootObject = 391FDF8A19E352C600C5FD18 /* Project object */;
}
